
Microsoft Visual Studio Solution File, Format Version 12.00
# Visual Studio Version 16
VisualStudioVersion = 16.0.31410.357
MinimumVisualStudioVersion = 10.0.40219.1
Project("{FAE04EC0-301F-11D3-BF4B-00C04F79EFBC}") = "GBLesson4_Fedotov_P_S", "GBLesson4_Fedotov_P_S\GBLesson4_Fedotov_P_S.csproj", "{2FFD83EF-E993-4B98-8F35-79426E689F01}"
EndProject
Global
	GlobalSection(SolutionConfigurationPlatforms) = preSolution
		Debug|Any CPU = Debug|Any CPU
		Release|Any CPU = Release|Any CPU
	EndGlobalSection
	GlobalSection(ProjectConfigurationPlatforms) = postSolution
		{2FFD83EF-E993-4B98-8F35-79426E689F01}.Debug|Any CPU.ActiveCfg = Debug|Any CPU
		{2FFD83EF-E993-4B98-8F35-79426E689F01}.Debug|Any CPU.Build.0 = Debug|Any CPU
		{2FFD83EF-E993-4B98-8F35-79426E689F01}.Release|Any CPU.ActiveCfg = Release|Any CPU
		{2FFD83EF-E993-4B98-8F35-79426E689F01}.Release|Any CPU.Build.0 = Release|Any CPU
	EndGlobalSection
	GlobalSection(SolutionProperties) = preSolution
		HideSolutionNode = FALSE
	EndGlobalSection
	GlobalSection(ExtensibilityGlobals) = postSolution
		SolutionGuid = {C3C60140-40FD-4AC2-8501-B3A7A1CB1F80}
	EndGlobalSection
EndGlobal
